// !$*UTF8*$!
{
	archiveVersion = 1;
	classes = {
	};
	objectVersion = 46;
	objects = {

/* Begin PBXBuildFile section */
		57A202DD1C6B30990019903A /* AppDelegate.swift in Sources */ = {isa = PBXBuildFile; fileRef = 57A202DC1C6B30990019903A /* AppDelegate.swift */; };
		57A202DF1C6B30990019903A /* ViewController.swift in Sources */ = {isa = PBXBuildFile; fileRef = 57A202DE1C6B30990019903A /* ViewController.swift */; };
		57A202E21C6B30990019903A /* Main.storyboard in Resources */ = {isa = PBXBuildFile; fileRef = 57A202E01C6B30990019903A /* Main.storyboard */; };
		57A202E41C6B30990019903A /* Assets.xcassets in Resources */ = {isa = PBXBuildFile; fileRef = 57A202E31C6B30990019903A /* Assets.xcassets */; };
		57A202E71C6B30990019903A /* LaunchScreen.storyboard in Resources */ = {isa = PBXBuildFile; fileRef = 57A202E51C6B30990019903A /* LaunchScreen.storyboard */; };
		57A202F21C6B309A0019903A /* UIWebViewExampleTests.swift in Sources */ = {isa = PBXBuildFile; fileRef = 57A202F11C6B309A0019903A /* UIWebViewExampleTests.swift */; };
		57A202FD1C6B309A0019903A /* UIWebViewExampleUITests.swift in Sources */ = {isa = PBXBuildFile; fileRef = 57A202FC1C6B309A0019903A /* UIWebViewExampleUITests.swift */; };
/* End PBXBuildFile section */

/* Begin PBXContainerItemProxy section */
		57A202EE1C6B309A0019903A /* PBXContainerItemProxy */ = {
			isa = PBXContainerItemProxy;
			containerPortal = 57A202D11C6B30990019903A /* Project object */;
			proxyType = 1;
			remoteGlobalIDString = 57A202D81C6B30990019903A;
			remoteInfo = UIWebViewExample;
		};
		57A202F91C6B309A0019903A /* PBXContainerItemProxy */ = {
			isa = PBXContainerItemProxy;
			containerPortal = 57A202D11C6B30990019903A /* Project object */;
			proxyType = 1;
			remoteGlobalIDString = 57A202D81C6B30990019903A;
			remoteInfo = UIWebViewExample;
		};
/* End PBXContainerItemProxy section */

/* Begin PBXFileReference section */
		57A202D91C6B30990019903A /* UIWebViewExample.app */ = {isa = PBXFileReference; explicitFileType = wrapper.application; includeInIndex = 0; path = UIWebViewExample.app; sourceTree = BUILT_PRODUCTS_DIR; };
		57A202DC1C6B30990019903A /* AppDelegate.swift */ = {isa = PBXFileReference; lastKnownFileType = sourcecode.swift; path = AppDelegate.swift; sourceTree = "<group>"; };
		57A202DE1C6B30990019903A /* ViewController.swift */ = {isa = PBXFileReference; lastKnownFileType = sourcecode.swift; path = ViewController.swift; sourceTree = "<group>"; };
		57A202E11C6B30990019903A /* Base */ = {isa = PBXFileReference; lastKnownFileType = file.storyboard; name = Base; path = Base.lproj/Main.storyboard; sourceTree = "<group>"; };
		57A202E31C6B30990019903A /* Assets.xcassets */ = {isa = PBXFileReference; lastKnownFileType = folder.assetcatalog; path = Assets.xcassets; sourceTree = "<group>"; };
		57A202E61C6B30990019903A /* Base */ = {isa = PBXFileReference; lastKnownFileType = file.storyboard; name = Base; path = Base.lproj/LaunchScreen.storyboard; sourceTree = "<group>"; };
		57A202E81C6B30990019903A /* Info.plist */ = {isa = PBXFileReference; lastKnownFileType = text.plist.xml; path = Info.plist; sourceTree = "<group>"; };
		57A202ED1C6B309A0019903A /* UIWebViewExampleTests.xctest */ = {isa = PBXFileReference; explicitFileType = wrapper.cfbundle; includeInIndex = 0; path = UIWebViewExampleTests.xctest; sourceTree = BUILT_PRODUCTS_DIR; };
		57A202F11C6B309A0019903A /* UIWebViewExampleTests.swift */ = {isa = PBXFileReference; lastKnownFileType = sourcecode.swift; path = UIWebViewExampleTests.swift; sourceTree = "<group>"; };
		57A202F31C6B309A0019903A /* Info.plist */ = {isa = PBXFileReference; lastKnownFileType = text.plist.xml; path = Info.plist; sourceTree = "<group>"; };
		57A202F81C6B309A0019903A /* UIWebViewExampleUITests.xctest */ = {isa = PBXFileReference; explicitFileType = wrapper.cfbundle; includeInIndex = 0; path = UIWebViewExampleUITests.xctest; sourceTree = BUILT_PRODUCTS_DIR; };
		57A202FC1C6B309A0019903A /* UIWebViewExampleUITests.swift */ = {isa = PBXFileReference; lastKnownFileType = sourcecode.swift; path = UIWebViewExampleUITests.swift; sourceTree = "<group>"; };
		57A202FE1C6B309A0019903A /* Info.plist */ = {isa = PBXFileReference; lastKnownFileType = text.plist.xml; path = Info.plist; sourceTree = "<group>"; };
/* End PBXFileReference section */

/* Begin PBXFrameworksBuildPhase section */
		57A202D61C6B30990019903A /* Frameworks */ = {
			isa = PBXFrameworksBuildPhase;
			buildActionMask = 2147483647;
			files = (
			);
			runOnlyForDeploymentPostprocessing = 0;
		};
		57A202EA1C6B309A0019903A /* Frameworks */ = {
			isa = PBXFrameworksBuildPhase;
			buildActionMask = 2147483647;
			files = (
			);
			runOnlyForDeploymentPostprocessing = 0;
		};
		57A202F51C6B309A0019903A /* Frameworks */ = {
			isa = PBXFrameworksBuildPhase;
			buildActionMask = 2147483647;
			files = (
			);
			runOnlyForDeploymentPostprocessing = 0;
		};
/* End PBXFrameworksBuildPhase section */

/* Begin PBXGroup section */
		57A202D01C6B30990019903A = {
			isa = PBXGroup;
			children = (
				57A202DB1C6B30990019903A /* UIWebViewExample */,
				57A202F01C6B309A0019903A /* UIWebViewExampleTests */,
				57A202FB1C6B309A0019903A /* UIWebViewExampleUITests */,
				57A202DA1C6B30990019903A /* Products */,
			);
			sourceTree = "<group>";
		};
		57A202DA1C6B30990019903A /* Products */ = {
			isa = PBXGroup;
			children = (
				57A202D91C6B30990019903A /* UIWebViewExample.app */,
				57A202ED1C6B309A0019903A /* UIWebViewExampleTests.xctest */,
				57A202F81C6B309A0019903A /* UIWebViewExampleUITests.xctest */,
			);
			name = Products;
			sourceTree = "<group>";
		};
		57A202DB1C6B30990019903A /* UIWebViewExample */ = {
			isa = PBXGroup;
			children = (
				57A202DC1C6B30990019903A /* AppDelegate.swift */,
				57A202DE1C6B30990019903A /* ViewController.swift */,
				57A202E01C6B30990019903A /* Main.storyboard */,
				57A202E31C6B30990019903A /* Assets.xcassets */,
				57A202E51C6B30990019903A /* LaunchScreen.storyboard */,
				57A202E81C6B30990019903A /* Info.plist */,
			);
			path = UIWebViewExample;
			sourceTree = "<group>";
		};
		57A202F01C6B309A0019903A /* UIWebViewExampleTests */ = {
			isa = PBXGroup;
			children = (
				57A202F11C6B309A0019903A /* UIWebViewExampleTests.swift */,
				57A202F31C6B309A0019903A /* Info.plist */,
			);
			path = UIWebViewExampleTests;
			sourceTree = "<group>";
		};
		57A202FB1C6B309A0019903A /* UIWebViewExampleUITests */ = {
			isa = PBXGroup;
			children = (
				57A202FC1C6B309A0019903A /* UIWebViewExampleUITests.swift */,
				57A202FE1C6B309A0019903A /* Info.plist */,
			);
			path = UIWebViewExampleUITests;
			sourceTree = "<group>";
		};
/* End PBXGroup section */

/* Begin PBXNativeTarget section */
		57A202D81C6B30990019903A /* UIWebViewExample */ = {
			isa = PBXNativeTarget;
			buildConfigurationList = 57A203011C6B309A0019903A /* Build configuration list for PBXNativeTarget "UIWebViewExample" */;
			buildPhases = (
				57A202D51C6B30990019903A /* Sources */,
				57A202D61C6B30990019903A /* Frameworks */,
				57A202D71C6B30990019903A /* Resources */,
			);
			buildRules = (
			);
			dependencies = (
			);
			name = UIWebViewExample;
			productName = UIWebViewExample;
			productReference = 57A202D91C6B30990019903A /* UIWebViewExample.app */;
			productType = "com.apple.product-type.application";
		};
		57A202EC1C6B309A0019903A /* UIWebViewExampleTests */ = {
			isa = PBXNativeTarget;
			buildConfigurationList = 57A203041C6B309A0019903A /* Build configuration list for PBXNativeTarget "UIWebViewExampleTests" */;
			buildPhases = (
				57A202E91C6B309A0019903A /* Sources */,
				57A202EA1C6B309A0019903A /* Frameworks */,
				57A202EB1C6B309A0019903A /* Resources */,
			);
			buildRules = (
			);
			dependencies = (
				57A202EF1C6B309A0019903A /* PBXTargetDependency */,
			);
			name = UIWebViewExampleTests;
			productName = UIWebViewExampleTests;
			productReference = 57A202ED1C6B309A0019903A /* UIWebViewExampleTests.xctest */;
			productType = "com.apple.product-type.bundle.unit-test";
		};
		57A202F71C6B309A0019903A /* UIWebViewExampleUITests */ = {
			isa = PBXNativeTarget;
			buildConfigurationList = 57A203071C6B309A0019903A /* Build configuration list for PBXNativeTarget "UIWebViewExampleUITests" */;
			buildPhases = (
				57A202F41C6B309A0019903A /* Sources */,
				57A202F51C6B309A0019903A /* Frameworks */,
				57A202F61C6B309A0019903A /* Resources */,
			);
			buildRules = (
			);
			dependencies = (
				57A202FA1C6B309A0019903A /* PBXTargetDependency */,
			);
			name = UIWebViewExampleUITests;
			productName = UIWebViewExampleUITests;
			productReference = 57A202F81C6B309A0019903A /* UIWebViewExampleUITests.xctest */;
			productType = "com.apple.product-type.bundle.ui-testing";
		};
/* End PBXNativeTarget section */

/* Begin PBXProject section */
		57A202D11C6B30990019903A /* Project object */ = {
			isa = PBXProject;
			attributes = {
				LastSwiftUpdateCheck = 0720;
				LastUpgradeCheck = 0720;
				ORGANIZATIONNAME = kpatena;
				TargetAttributes = {
					57A202D81C6B30990019903A = {
						CreatedOnToolsVersion = 7.2.1;
					};
					57A202EC1C6B309A0019903A = {
						CreatedOnToolsVersion = 7.2.1;
						TestTargetID = 57A202D81C6B30990019903A;
					};
					57A202F71C6B309A0019903A = {
						CreatedOnToolsVersion = 7.2.1;
						TestTargetID = 57A202D81C6B30990019903A;
					};
				};
			};
			buildConfigurationList = 57A202D41C6B30990019903A /* Build configuration list for PBXProject "UIWebViewExample" */;
			compatibilityVersion = "Xcode 3.2";
			developmentRegion = English;
			hasScannedForEncodings = 0;
			knownRegions = (
				en,
				Base,
			);
			mainGroup = 57A202D01C6B30990019903A;
			productRefGroup = 57A202DA1C6B30990019903A /* Products */;
			projectDirPath = "";
			projectRoot = "";
			targets = (
				57A202D81C6B30990019903A /* UIWebViewExample */,
				57A202EC1C6B309A0019903A /* UIWebViewExampleTests */,
				57A202F71C6B309A0019903A /* UIWebViewExampleUITests */,
			);
		};
/* End PBXProject section */

/* Begin PBXResourcesBuildPhase section */
		57A202D71C6B30990019903A /* Resources */ = {
			isa = PBXResourcesBuildPhase;
			buildActionMask = 2147483647;
			files = (
				57A202E71C6B30990019903A /* LaunchScreen.storyboard in Resources */,
				57A202E41C6B30990019903A /* Assets.xcassets in Resources */,
				57A202E21C6B30990019903A /* Main.storyboard in Resources */,
			);
			runOnlyForDeploymentPostprocessing = 0;
		};
		57A202EB1C6B309A0019903A /* Resources */ = {
			isa = PBXResourcesBuildPhase;
			buildActionMask = 2147483647;
			files = (
			);
			runOnlyForDeploymentPostprocessing = 0;
		};
		57A202F61C6B309A0019903A /* Resources */ = {
			isa = PBXResourcesBuildPhase;
			buildActionMask = 2147483647;
			files = (
			);
			runOnlyForDeploymentPostprocessing = 0;
		};
/* End PBXResourcesBuildPhase section */

/* Begin PBXSourcesBuildPhase section */
		57A202D51C6B30990019903A /* Sources */ = {
			isa = PBXSourcesBuildPhase;
			buildActionMask = 2147483647;
			files = (
				57A202DF1C6B30990019903A /* ViewController.swift in Sources */,
				57A202DD1C6B30990019903A /* AppDelegate.swift in Sources */,
			);
			runOnlyForDeploymentPostprocessing = 0;
		};
		57A202E91C6B309A0019903A /* Sources */ = {
			isa = PBXSourcesBuildPhase;
			buildActionMask = 2147483647;
			files = (
				57A202F21C6B309A0019903A /* UIWebViewExampleTests.swift in Sources */,
			);
			runOnlyForDeploymentPostprocessing = 0;
		};
		57A202F41C6B309A0019903A /* Sources */ = {
			isa = PBXSourcesBuildPhase;
			buildActionMask = 2147483647;
			files = (
				57A202FD1C6B309A0019903A /* UIWebViewExampleUITests.swift in Sources */,
			);
			runOnlyForDeploymentPostprocessing = 0;
		};
/* End PBXSourcesBuildPhase section */

/* Begin PBXTargetDependency section */
		57A202EF1C6B309A0019903A /* PBXTargetDependency */ = {
			isa = PBXTargetDependency;
			target = 57A202D81C6B30990019903A /* UIWebViewExample */;
			targetProxy = 57A202EE1C6B309A0019903A /* PBXContainerItemProxy */;
		};
		57A202FA1C6B309A0019903A /* PBXTargetDependency */ = {
			isa = PBXTargetDependency;
			target = 57A202D81C6B30990019903A /* UIWebViewExample */;
			targetProxy = 57A202F91C6B309A0019903A /* PBXContainerItemProxy */;
		};
/* End PBXTargetDependency section */

/* Begin PBXVariantGroup section */
		57A202E01C6B30990019903A /* Main.storyboard */ = {
			isa = PBXVariantGroup;
			children = (
				57A202E11C6B30990019903A /* Base */,
			);
			name = Main.storyboard;
			sourceTree = "<group>";
		};
		57A202E51C6B30990019903A /* LaunchScreen.storyboard */ = {
			isa = PBXVariantGroup;
			children = (
				57A202E61C6B30990019903A /* Base */,
			);
			name = LaunchScreen.storyboard;
			sourceTree = "<group>";
		};
/* End PBXVariantGroup section */

/* Begin XCBuildConfiguration section */
		57A202FF1C6B309A0019903A /* Debug */ = {
			isa = XCBuildConfiguration;
			buildSettings = {
				ALWAYS_SEARCH_USER_PATHS = NO;
				CLANG_CXX_LANGUAGE_STANDARD = "gnu++0x";
				CLANG_CXX_LIBRARY = "libc++";
				CLANG_ENABLE_MODULES = YES;
				CLANG_ENABLE_OBJC_ARC = YES;
				CLANG_WARN_BOOL_CONVERSION = YES;
				CLANG_WARN_CONSTANT_CONVERSION = YES;
				CLANG_WARN_DIRECT_OBJC_ISA_USAGE = YES_ERROR;
				CLANG_WARN_EMPTY_BODY = YES;
				CLANG_WARN_ENUM_CONVERSION = YES;
				CLANG_WARN_INT_CONVERSION = YES;
				CLANG_WARN_OBJC_ROOT_CLASS = YES_ERROR;
				CLANG_WARN_UNREACHABLE_CODE = YES;
				CLANG_WARN__DUPLICATE_METHOD_MATCH = YES;
				"CODE_SIGN_IDENTITY[sdk=iphoneos*]" = "iPhone Developer";
				COPY_PHASE_STRIP = NO;
				DEBUG_INFORMATION_FORMAT = dwarf;
				ENABLE_STRICT_OBJC_MSGSEND = YES;
				ENABLE_TESTABILITY = YES;
				GCC_C_LANGUAGE_STANDARD = gnu99;
				GCC_DYNAMIC_NO_PIC = NO;
				GCC_NO_COMMON_BLOCKS = YES;
				GCC_OPTIMIZATION_LEVEL = 0;
				GCC_PREPROCESSOR_DEFINITIONS = (
					"DEBUG=1",
					"$(inherited)",
				);
				GCC_WARN_64_TO_32_BIT_CONVERSION = YES;
				GCC_WARN_ABOUT_RETURN_TYPE = YES_ERROR;
				GCC_WARN_UNDECLARED_SELECTOR = YES;
				GCC_WARN_UNINITIALIZED_AUTOS = YES_AGGRESSIVE;
				GCC_WARN_UNUSED_FUNCTION = YES;
				GCC_WARN_UNUSED_VARIABLE = YES;
				IPHONEOS_DEPLOYMENT_TARGET = 9.2;
				MTL_ENABLE_DEBUG_INFO = YES;
				ONLY_ACTIVE_ARCH = YES;
				SDKROOT = iphoneos;
				SWIFT_OPTIMIZATION_LEVEL = "-Onone";
				TARGETED_DEVICE_FAMILY = "1,2";
			};
			name = Debug;
		};
		57A203001C6B309A0019903A /* Release */ = {
			isa = XCBuildConfiguration;
			buildSettings = {
				ALWAYS_SEARCH_USER_PATHS = NO;
				CLANG_CXX_LANGUAGE_STANDARD = "gnu++0x";
				CLANG_CXX_LIBRARY = "libc++";
				CLANG_ENABLE_MODULES = YES;
				CLANG_ENABLE_OBJC_ARC = YES;
				CLANG_WARN_BOOL_CONVERSION = YES;
				CLANG_WARN_CONSTANT_CONVERSION = YES;
				CLANG_WARN_DIRECT_OBJC_ISA_USAGE = YES_ERROR;
				CLANG_WARN_EMPTY_BODY = YES;
				CLANG_WARN_ENUM_CONVERSION = YES;
				CLANG_WARN_INT_CONVERSION = YES;
				CLANG_WARN_OBJC_ROOT_CLASS = YES_ERROR;
				CLANG_WARN_UNREACHABLE_CODE = YES;
				CLANG_WARN__DUPLICATE_METHOD_MATCH = YES;
				"CODE_SIGN_IDENTITY[sdk=iphoneos*]" = "iPhone Developer";
				COPY_PHASE_STRIP = NO;
				DEBUG_INFORMATION_FORMAT = "dwarf-with-dsym";
				ENABLE_NS_ASSERTIONS = NO;
				ENABLE_STRICT_OBJC_MSGSEND = YES;
				GCC_C_LANGUAGE_STANDARD = gnu99;
				GCC_NO_COMMON_BLOCKS = YES;
				GCC_WARN_64_TO_32_BIT_CONVERSION = YES;
				GCC_WARN_ABOUT_RETURN_TYPE = YES_ERROR;
				GCC_WARN_UNDECLARED_SELECTOR = YES;
				GCC_WARN_UNINITIALIZED_AUTOS = YES_AGGRESSIVE;
				GCC_WARN_UNUSED_FUNCTION = YES;
				GCC_WARN_UNUSED_VARIABLE = YES;
				IPHONEOS_DEPLOYMENT_TARGET = 9.2;
				MTL_ENABLE_DEBUG_INFO = NO;
				SDKROOT = iphoneos;
				TARGETED_DEVICE_FAMILY = "1,2";
				VALIDATE_PRODUCT = YES;
			};
			name = Release;
		};
		57A203021C6B309A0019903A /* Debug */ = {
			isa = XCBuildConfiguration;
			buildSettings = {
				ASSETCATALOG_COMPILER_APPICON_NAME = AppIcon;
				INFOPLIST_FILE = UIWebViewExample/Info.plist;
				LD_RUNPATH_SEARCH_PATHS = "$(inherited) @executable_path/Frameworks";
				PRODUCT_BUNDLE_IDENTIFIER = BCIT.UIWebViewExample;
				PRODUCT_NAME = "$(TARGET_NAME)";
			};
			name = Debug;
		};
		57A203031C6B309A0019903A /* Release */ = {
			isa = XCBuildConfiguration;
			buildSettings = {
				ASSETCATALOG_COMPILER_APPICON_NAME = AppIcon;
				INFOPLIST_FILE = UIWebViewExample/Info.plist;
				LD_RUNPATH_SEARCH_PATHS = "$(inherited) @executable_path/Frameworks";
				PRODUCT_BUNDLE_IDENTIFIER = BCIT.UIWebViewExample;
				PRODUCT_NAME = "$(TARGET_NAME)";
			};
			name = Release;
		};
		57A203051C6B309A0019903A /* Debug */ = {
			isa = XCBuildConfiguration;
			buildSettings = {
				BUNDLE_LOADER = "$(TEST_HOST)";
				INFOPLIST_FILE = UIWebViewExampleTests/Info.plist;
				LD_RUNPATH_SEARCH_PATHS = "$(inherited) @executable_path/Frameworks @loader_path/Frameworks";
				PRODUCT_BUNDLE_IDENTIFIER = BCIT.UIWebViewExampleTests;
				PRODUCT_NAME = "$(TARGET_NAME)";
				TEST_HOST = "$(BUILT_PRODUCTS_DIR)/UIWebViewExample.app/UIWebViewExample";
			};
			name = Debug;
		};
		57A203061C6B309A0019903A /* Release */ = {
			isa = XCBuildConfiguration;
			buildSettings = {
				BUNDLE_LOADER = "$(TEST_HOST)";
				INFOPLIST_FILE = UIWebViewExampleTests/Info.plist;
				LD_RUNPATH_SEARCH_PATHS = "$(inherited) @executable_path/Frameworks @loader_path/Frameworks";
				PRODUCT_BUNDLE_IDENTIFIER = BCIT.UIWebViewExampleTests;
				PRODUCT_NAME = "$(TARGET_NAME)";
				TEST_HOST = "$(BUILT_PRODUCTS_DIR)/UIWebViewExample.app/UIWebViewExample";
			};
			name = Release;
		};
		57A203081C6B309A0019903A /* Debug */ = {
			isa = XCBuildConfiguration;
			buildSettings = {
				INFOPLIST_FILE = UIWebViewExampleUITests/Info.plist;
				LD_RUNPATH_SEARCH_PATHS = "$(inherited) @executable_path/Frameworks @loader_path/Frameworks";
				PRODUCT_BUNDLE_IDENTIFIER = BCIT.UIWebViewExampleUITests;
				PRODUCT_NAME = "$(TARGET_NAME)";
				TEST_TARGET_NAME = UIWebViewExample;
				USES_XCTRUNNER = YES;
			};
			name = Debug;
		};
		57A203091C6B309A0019903A /* Release */ = {
			isa = XCBuildConfiguration;
			buildSettings = {
				INFOPLIST_FILE = UIWebViewExampleUITests/Info.plist;
				LD_RUNPATH_SEARCH_PATHS = "$(inherited) @executable_path/Frameworks @loader_path/Frameworks";
				PRODUCT_BUNDLE_IDENTIFIER = BCIT.UIWebViewExampleUITests;
				PRODUCT_NAME = "$(TARGET_NAME)";
				TEST_TARGET_NAME = UIWebViewExample;
				USES_XCTRUNNER = YES;
			};
			name = Release;
		};
/* End XCBuildConfiguration section */

/* Begin XCConfigurationList section */
		57A202D41C6B30990019903A /* Build configuration list for PBXProject "UIWebViewExample" */ = {
			isa = XCConfigurationList;
			buildConfigurations = (
				57A202FF1C6B309A0019903A /* Debug */,
				57A203001C6B309A0019903A /* Release */,
			);
			defaultConfigurationIsVisible = 0;
			defaultConfigurationName = Release;
		};
		57A203011C6B309A0019903A /* Build configuration list for PBXNativeTarget "UIWebViewExample" */ = {
			isa = XCConfigurationList;
			buildConfigurations = (
				57A203021C6B309A0019903A /* Debug */,
				57A203031C6B309A0019903A /* Release */,
			);
			defaultConfigurationIsVisible = 0;
		};
		57A203041C6B309A0019903A /* Build configuration list for PBXNativeTarget "UIWebViewExampleTests" */ = {
			isa = XCConfigurationList;
			buildConfigurations = (
				57A203051C6B309A0019903A /* Debug */,
				57A203061C6B309A0019903A /* Release */,
			);
			defaultConfigurationIsVisible = 0;
		};
		57A203071C6B309A0019903A /* Build configuration list for PBXNativeTarget "UIWebViewExampleUITests" */ = {
			isa = XCConfigurationList;
			buildConfigurations = (
				57A203081C6B309A0019903A /* Debug */,
				57A203091C6B309A0019903A /* Release */,
			);
			defaultConfigurationIsVisible = 0;
		};
/* End XCConfigurationList section */
	};
	rootObject = 57A202D11C6B30990019903A /* Project object */;
}
